// !$*UTF8*$!
{
	archiveVersion = 1;
	classes = {
	};
	objectVersion = 55;
	objects = {

/* Begin PBXBuildFile section */
		160569D628AE6A870001184D /* AppDelegate.swift in Sources */ = {isa = PBXBuildFile; fileRef = 160569D528AE6A870001184D /* AppDelegate.swift */; };
		160569D828AE6A870001184D /* SceneDelegate.swift in Sources */ = {isa = PBXBuildFile; fileRef = 160569D728AE6A870001184D /* SceneDelegate.swift */; };
		160569DF28AE6A8A0001184D /* Assets.xcassets in Resources */ = {isa = PBXBuildFile; fileRef = 160569DE28AE6A8A0001184D /* Assets.xcassets */; };
		160569E228AE6A8A0001184D /* LaunchScreen.storyboard in Resources */ = {isa = PBXBuildFile; fileRef = 160569E028AE6A8A0001184D /* LaunchScreen.storyboard */; };
		160569ED28AE6E200001184D /* SearchViewController.swift in Sources */ = {isa = PBXBuildFile; fileRef = 160569EC28AE6E200001184D /* SearchViewController.swift */; };
		160569F228AE6EA70001184D /* SearchViewController.storyboard in Resources */ = {isa = PBXBuildFile; fileRef = 160569F128AE6EA70001184D /* SearchViewController.storyboard */; };
		160569F428AE6EB90001184D /* SearchRouting.swift in Sources */ = {isa = PBXBuildFile; fileRef = 160569F328AE6EB90001184D /* SearchRouting.swift */; };
		160569F628AE6EE20001184D /* SearchViewModel.swift in Sources */ = {isa = PBXBuildFile; fileRef = 160569F528AE6EE20001184D /* SearchViewModel.swift */; };
		160569F928AE71430001184D /* NSObject+Extentions.swift in Sources */ = {isa = PBXBuildFile; fileRef = 160569F828AE71430001184D /* NSObject+Extentions.swift */; };
		160569FB28AE715E0001184D /* UIViewController+Extentions.swift in Sources */ = {isa = PBXBuildFile; fileRef = 160569FA28AE715E0001184D /* UIViewController+Extentions.swift */; };
		160569FD28AE71AC0001184D /* UITableView+Register.swift in Sources */ = {isa = PBXBuildFile; fileRef = 160569FC28AE71AC0001184D /* UITableView+Register.swift */; };
		160569FF28AE72B90001184D /* UIView+Instantiate.swift in Sources */ = {isa = PBXBuildFile; fileRef = 160569FE28AE72B90001184D /* UIView+Instantiate.swift */; };
		16056A0428AE78C60001184D /* Repositories.swift in Sources */ = {isa = PBXBuildFile; fileRef = 16056A0328AE78C60001184D /* Repositories.swift */; };
		16056A0628AE78E90001184D /* Owner.swift in Sources */ = {isa = PBXBuildFile; fileRef = 16056A0528AE78E90001184D /* Owner.swift */; };
		16056A0828AE7D620001184D /* APIBaseProtocols.swift in Sources */ = {isa = PBXBuildFile; fileRef = 16056A0728AE7D620001184D /* APIBaseProtocols.swift */; };
		16056A0C28AE7E3C0001184D /* APIService.swift in Sources */ = {isa = PBXBuildFile; fileRef = 16056A0B28AE7E3C0001184D /* APIService.swift */; };
		16056A0E28AE7E530001184D /* APIServiceImpl.swift in Sources */ = {isa = PBXBuildFile; fileRef = 16056A0D28AE7E530001184D /* APIServiceImpl.swift */; };
		16056A1028AE7E780001184D /* APIError.swift in Sources */ = {isa = PBXBuildFile; fileRef = 16056A0F28AE7E780001184D /* APIError.swift */; };
		16056A1228AE7EB10001184D /* SearchRepository.swift in Sources */ = {isa = PBXBuildFile; fileRef = 16056A1128AE7EB10001184D /* SearchRepository.swift */; };
		16056A1428AE7EC40001184D /* SearchRepositoryImpl.swift in Sources */ = {isa = PBXBuildFile; fileRef = 16056A1328AE7EC40001184D /* SearchRepositoryImpl.swift */; };
		16056A1728AE7F330001184D /* GitHubSearchAPIRequest.swift in Sources */ = {isa = PBXBuildFile; fileRef = 16056A1628AE7F330001184D /* GitHubSearchAPIRequest.swift */; };
		16056A1928AE7F460001184D /* GitHubSearchAPIResponse.swift in Sources */ = {isa = PBXBuildFile; fileRef = 16056A1828AE7F460001184D /* GitHubSearchAPIResponse.swift */; };
		16056A1B28AE7F8C0001184D /* Sort.swift in Sources */ = {isa = PBXBuildFile; fileRef = 16056A1A28AE7F8C0001184D /* Sort.swift */; };
		16056A1D28AE7FA30001184D /* Order.swift in Sources */ = {isa = PBXBuildFile; fileRef = 16056A1C28AE7FA30001184D /* Order.swift */; };
		16056A2028AE8D5E0001184D /* SearchTableViewCell.swift in Sources */ = {isa = PBXBuildFile; fileRef = 16056A1E28AE8D5E0001184D /* SearchTableViewCell.swift */; };
		16056A2128AE8D5E0001184D /* SearchTableViewCell.xib in Resources */ = {isa = PBXBuildFile; fileRef = 16056A1F28AE8D5E0001184D /* SearchTableViewCell.xib */; };
/* End PBXBuildFile section */

/* Begin PBXFileReference section */
		160569D228AE6A870001184D /* GitHubSearchRepositories.app */ = {isa = PBXFileReference; explicitFileType = wrapper.application; includeInIndex = 0; path = GitHubSearchRepositories.app; sourceTree = BUILT_PRODUCTS_DIR; };
		160569D528AE6A870001184D /* AppDelegate.swift */ = {isa = PBXFileReference; lastKnownFileType = sourcecode.swift; path = AppDelegate.swift; sourceTree = "<group>"; };
		160569D728AE6A870001184D /* SceneDelegate.swift */ = {isa = PBXFileReference; lastKnownFileType = sourcecode.swift; path = SceneDelegate.swift; sourceTree = "<group>"; };
		160569DE28AE6A8A0001184D /* Assets.xcassets */ = {isa = PBXFileReference; lastKnownFileType = folder.assetcatalog; path = Assets.xcassets; sourceTree = "<group>"; };
		160569E128AE6A8A0001184D /* Base */ = {isa = PBXFileReference; lastKnownFileType = file.storyboard; name = Base; path = Base.lproj/LaunchScreen.storyboard; sourceTree = "<group>"; };
		160569E328AE6A8A0001184D /* Info.plist */ = {isa = PBXFileReference; lastKnownFileType = text.plist.xml; path = Info.plist; sourceTree = "<group>"; };
		160569EC28AE6E200001184D /* SearchViewController.swift */ = {isa = PBXFileReference; lastKnownFileType = sourcecode.swift; path = SearchViewController.swift; sourceTree = "<group>"; };
		160569F128AE6EA70001184D /* SearchViewController.storyboard */ = {isa = PBXFileReference; lastKnownFileType = file.storyboard; path = SearchViewController.storyboard; sourceTree = "<group>"; };
		160569F328AE6EB90001184D /* SearchRouting.swift */ = {isa = PBXFileReference; lastKnownFileType = sourcecode.swift; path = SearchRouting.swift; sourceTree = "<group>"; };
		160569F528AE6EE20001184D /* SearchViewModel.swift */ = {isa = PBXFileReference; lastKnownFileType = sourcecode.swift; path = SearchViewModel.swift; sourceTree = "<group>"; };
		160569F828AE71430001184D /* NSObject+Extentions.swift */ = {isa = PBXFileReference; lastKnownFileType = sourcecode.swift; path = "NSObject+Extentions.swift"; sourceTree = "<group>"; };
		160569FA28AE715E0001184D /* UIViewController+Extentions.swift */ = {isa = PBXFileReference; lastKnownFileType = sourcecode.swift; path = "UIViewController+Extentions.swift"; sourceTree = "<group>"; };
		160569FC28AE71AC0001184D /* UITableView+Register.swift */ = {isa = PBXFileReference; lastKnownFileType = sourcecode.swift; path = "UITableView+Register.swift"; sourceTree = "<group>"; };
		160569FE28AE72B90001184D /* UIView+Instantiate.swift */ = {isa = PBXFileReference; lastKnownFileType = sourcecode.swift; path = "UIView+Instantiate.swift"; sourceTree = "<group>"; };
		16056A0328AE78C60001184D /* Repositories.swift */ = {isa = PBXFileReference; lastKnownFileType = sourcecode.swift; path = Repositories.swift; sourceTree = "<group>"; };
		16056A0528AE78E90001184D /* Owner.swift */ = {isa = PBXFileReference; lastKnownFileType = sourcecode.swift; path = Owner.swift; sourceTree = "<group>"; };
		16056A0728AE7D620001184D /* APIBaseProtocols.swift */ = {isa = PBXFileReference; lastKnownFileType = sourcecode.swift; path = APIBaseProtocols.swift; sourceTree = "<group>"; };
		16056A0B28AE7E3C0001184D /* APIService.swift */ = {isa = PBXFileReference; lastKnownFileType = sourcecode.swift; path = APIService.swift; sourceTree = "<group>"; };
		16056A0D28AE7E530001184D /* APIServiceImpl.swift */ = {isa = PBXFileReference; lastKnownFileType = sourcecode.swift; path = APIServiceImpl.swift; sourceTree = "<group>"; };
		16056A0F28AE7E780001184D /* APIError.swift */ = {isa = PBXFileReference; lastKnownFileType = sourcecode.swift; path = APIError.swift; sourceTree = "<group>"; };
		16056A1128AE7EB10001184D /* SearchRepository.swift */ = {isa = PBXFileReference; lastKnownFileType = sourcecode.swift; path = SearchRepository.swift; sourceTree = "<group>"; };
		16056A1328AE7EC40001184D /* SearchRepositoryImpl.swift */ = {isa = PBXFileReference; lastKnownFileType = sourcecode.swift; path = SearchRepositoryImpl.swift; sourceTree = "<group>"; };
		16056A1628AE7F330001184D /* GitHubSearchAPIRequest.swift */ = {isa = PBXFileReference; lastKnownFileType = sourcecode.swift; path = GitHubSearchAPIRequest.swift; sourceTree = "<group>"; };
		16056A1828AE7F460001184D /* GitHubSearchAPIResponse.swift */ = {isa = PBXFileReference; lastKnownFileType = sourcecode.swift; path = GitHubSearchAPIResponse.swift; sourceTree = "<group>"; };
		16056A1A28AE7F8C0001184D /* Sort.swift */ = {isa = PBXFileReference; lastKnownFileType = sourcecode.swift; path = Sort.swift; sourceTree = "<group>"; };
		16056A1C28AE7FA30001184D /* Order.swift */ = {isa = PBXFileReference; lastKnownFileType = sourcecode.swift; path = Order.swift; sourceTree = "<group>"; };
		16056A1E28AE8D5E0001184D /* SearchTableViewCell.swift */ = {isa = PBXFileReference; lastKnownFileType = sourcecode.swift; path = SearchTableViewCell.swift; sourceTree = "<group>"; };
		16056A1F28AE8D5E0001184D /* SearchTableViewCell.xib */ = {isa = PBXFileReference; lastKnownFileType = file.xib; path = SearchTableViewCell.xib; sourceTree = "<group>"; };
/* End PBXFileReference section */

/* Begin PBXFrameworksBuildPhase section */
		160569CF28AE6A870001184D /* Frameworks */ = {
			isa = PBXFrameworksBuildPhase;
			buildActionMask = 2147483647;
			files = (
			);
			runOnlyForDeploymentPostprocessing = 0;
		};
/* End PBXFrameworksBuildPhase section */

/* Begin PBXGroup section */
		160569C928AE6A870001184D = {
			isa = PBXGroup;
			children = (
				160569D428AE6A870001184D /* GitHubSearchRepositories */,
				160569D328AE6A870001184D /* Products */,
			);
			sourceTree = "<group>";
		};
		160569D328AE6A870001184D /* Products */ = {
			isa = PBXGroup;
			children = (
				160569D228AE6A870001184D /* GitHubSearchRepositories.app */,
			);
			name = Products;
			sourceTree = "<group>";
		};
		160569D428AE6A870001184D /* GitHubSearchRepositories */ = {
			isa = PBXGroup;
			children = (
				160569EA28AE6BF70001184D /* Source */,
				160569E928AE6BF00001184D /* Resource */,
			);
			path = GitHubSearchRepositories;
			sourceTree = "<group>";
		};
		160569E928AE6BF00001184D /* Resource */ = {
			isa = PBXGroup;
			children = (
				160569E028AE6A8A0001184D /* LaunchScreen.storyboard */,
				160569DE28AE6A8A0001184D /* Assets.xcassets */,
				160569E328AE6A8A0001184D /* Info.plist */,
			);
			path = Resource;
			sourceTree = "<group>";
		};
		160569EA28AE6BF70001184D /* Source */ = {
			isa = PBXGroup;
			children = (
				160569EB28AE6D820001184D /* Application */,
				16056A0228AE754D0001184D /* Data */,
				160569EF28AE6E600001184D /* Screen */,
				160569F728AE71100001184D /* Extensions */,
			);
			path = Source;
			sourceTree = "<group>";
		};
		160569EB28AE6D820001184D /* Application */ = {
			isa = PBXGroup;
			children = (
				160569D528AE6A870001184D /* AppDelegate.swift */,
				160569D728AE6A870001184D /* SceneDelegate.swift */,
			);
			path = Application;
			sourceTree = "<group>";
		};
		160569EE28AE6E470001184D /* Entity */ = {
			isa = PBXGroup;
			children = (
				16056A0328AE78C60001184D /* Repositories.swift */,
				16056A0528AE78E90001184D /* Owner.swift */,
				16056A1A28AE7F8C0001184D /* Sort.swift */,
				16056A1C28AE7FA30001184D /* Order.swift */,
			);
			path = Entity;
			sourceTree = "<group>";
		};
		160569EF28AE6E600001184D /* Screen */ = {
			isa = PBXGroup;
			children = (
				160569F028AE6E910001184D /* Search */,
			);
			path = Screen;
			sourceTree = "<group>";
		};
		160569F028AE6E910001184D /* Search */ = {
			isa = PBXGroup;
			children = (
				160569EC28AE6E200001184D /* SearchViewController.swift */,
				160569F128AE6EA70001184D /* SearchViewController.storyboard */,
				160569F328AE6EB90001184D /* SearchRouting.swift */,
				160569F528AE6EE20001184D /* SearchViewModel.swift */,
				16056A1E28AE8D5E0001184D /* SearchTableViewCell.swift */,
				16056A1F28AE8D5E0001184D /* SearchTableViewCell.xib */,
			);
			path = Search;
			sourceTree = "<group>";
		};
		160569F728AE71100001184D /* Extensions */ = {
			isa = PBXGroup;
			children = (
				160569F828AE71430001184D /* NSObject+Extentions.swift */,
				160569FA28AE715E0001184D /* UIViewController+Extentions.swift */,
				160569FC28AE71AC0001184D /* UITableView+Register.swift */,
				160569FE28AE72B90001184D /* UIView+Instantiate.swift */,
			);
			path = Extensions;
			sourceTree = "<group>";
		};
		16056A0028AE74E80001184D /* Repository */ = {
			isa = PBXGroup;
			children = (
				16056A1128AE7EB10001184D /* SearchRepository.swift */,
				16056A1328AE7EC40001184D /* SearchRepositoryImpl.swift */,
			);
			path = Repository;
			sourceTree = "<group>";
		};
		16056A0128AE75250001184D /* API */ = {
			isa = PBXGroup;
			children = (
				16056A0728AE7D620001184D /* APIBaseProtocols.swift */,
				16056A0B28AE7E3C0001184D /* APIService.swift */,
				16056A0D28AE7E530001184D /* APIServiceImpl.swift */,
				16056A0F28AE7E780001184D /* APIError.swift */,
				16056A1528AE7F1C0001184D /* Search */,
			);
			path = API;
			sourceTree = "<group>";
		};
		16056A0228AE754D0001184D /* Data */ = {
			isa = PBXGroup;
			children = (
				160569EE28AE6E470001184D /* Entity */,
				16056A0128AE75250001184D /* API */,
				16056A0028AE74E80001184D /* Repository */,
			);
			path = Data;
			sourceTree = "<group>";
		};
		16056A1528AE7F1C0001184D /* Search */ = {
			isa = PBXGroup;
			children = (
				16056A1628AE7F330001184D /* GitHubSearchAPIRequest.swift */,
				16056A1828AE7F460001184D /* GitHubSearchAPIResponse.swift */,
			);
			path = Search;
			sourceTree = "<group>";
		};
/* End PBXGroup section */

/* Begin PBXNativeTarget section */
		160569D128AE6A870001184D /* GitHubSearchRepositories */ = {
			isa = PBXNativeTarget;
			buildConfigurationList = 160569E628AE6A8A0001184D /* Build configuration list for PBXNativeTarget "GitHubSearchRepositories" */;
			buildPhases = (
				160569CE28AE6A870001184D /* Sources */,
				160569CF28AE6A870001184D /* Frameworks */,
				160569D028AE6A870001184D /* Resources */,
			);
			buildRules = (
			);
			dependencies = (
			);
			name = GitHubSearchRepositories;
			productName = GitHubSearchRepositories;
			productReference = 160569D228AE6A870001184D /* GitHubSearchRepositories.app */;
			productType = "com.apple.product-type.application";
		};
/* End PBXNativeTarget section */

/* Begin PBXProject section */
		160569CA28AE6A870001184D /* Project object */ = {
			isa = PBXProject;
			attributes = {
				BuildIndependentTargetsInParallel = 1;
				LastSwiftUpdateCheck = 1340;
				LastUpgradeCheck = 1340;
				TargetAttributes = {
					160569D128AE6A870001184D = {
						CreatedOnToolsVersion = 13.4.1;
					};
				};
			};
			buildConfigurationList = 160569CD28AE6A870001184D /* Build configuration list for PBXProject "GitHubSearchRepositories" */;
			compatibilityVersion = "Xcode 13.0";
			developmentRegion = en;
			hasScannedForEncodings = 0;
			knownRegions = (
				en,
				Base,
			);
			mainGroup = 160569C928AE6A870001184D;
			productRefGroup = 160569D328AE6A870001184D /* Products */;
			projectDirPath = "";
			projectRoot = "";
			targets = (
				160569D128AE6A870001184D /* GitHubSearchRepositories */,
			);
		};
/* End PBXProject section */

/* Begin PBXResourcesBuildPhase section */
		160569D028AE6A870001184D /* Resources */ = {
			isa = PBXResourcesBuildPhase;
			buildActionMask = 2147483647;
			files = (
				160569E228AE6A8A0001184D /* LaunchScreen.storyboard in Resources */,
				16056A2128AE8D5E0001184D /* SearchTableViewCell.xib in Resources */,
				160569DF28AE6A8A0001184D /* Assets.xcassets in Resources */,
				160569F228AE6EA70001184D /* SearchViewController.storyboard in Resources */,
			);
			runOnlyForDeploymentPostprocessing = 0;
		};
/* End PBXResourcesBuildPhase section */

/* Begin PBXSourcesBuildPhase section */
		160569CE28AE6A870001184D /* Sources */ = {
			isa = PBXSourcesBuildPhase;
			buildActionMask = 2147483647;
			files = (
				160569F928AE71430001184D /* NSObject+Extentions.swift in Sources */,
				16056A0428AE78C60001184D /* Repositories.swift in Sources */,
				160569F428AE6EB90001184D /* SearchRouting.swift in Sources */,
				160569FB28AE715E0001184D /* UIViewController+Extentions.swift in Sources */,
				160569F628AE6EE20001184D /* SearchViewModel.swift in Sources */,
				160569ED28AE6E200001184D /* SearchViewController.swift in Sources */,
				16056A1D28AE7FA30001184D /* Order.swift in Sources */,
				16056A0E28AE7E530001184D /* APIServiceImpl.swift in Sources */,
				16056A1228AE7EB10001184D /* SearchRepository.swift in Sources */,
				16056A1428AE7EC40001184D /* SearchRepositoryImpl.swift in Sources */,
				16056A1928AE7F460001184D /* GitHubSearchAPIResponse.swift in Sources */,
				160569FF28AE72B90001184D /* UIView+Instantiate.swift in Sources */,
				16056A1028AE7E780001184D /* APIError.swift in Sources */,
				16056A1728AE7F330001184D /* GitHubSearchAPIRequest.swift in Sources */,
				16056A1B28AE7F8C0001184D /* Sort.swift in Sources */,
				16056A2028AE8D5E0001184D /* SearchTableViewCell.swift in Sources */,
				16056A0828AE7D620001184D /* APIBaseProtocols.swift in Sources */,
				160569D628AE6A870001184D /* AppDelegate.swift in Sources */,
				16056A0C28AE7E3C0001184D /* APIService.swift in Sources */,
				16056A0628AE78E90001184D /* Owner.swift in Sources */,
				160569FD28AE71AC0001184D /* UITableView+Register.swift in Sources */,
				160569D828AE6A870001184D /* SceneDelegate.swift in Sources */,
			);
			runOnlyForDeploymentPostprocessing = 0;
		};
/* End PBXSourcesBuildPhase section */

/* Begin PBXVariantGroup section */
		160569E028AE6A8A0001184D /* LaunchScreen.storyboard */ = {
			isa = PBXVariantGroup;
			children = (
				160569E128AE6A8A0001184D /* Base */,
			);
			name = LaunchScreen.storyboard;
			sourceTree = "<group>";
		};
/* End PBXVariantGroup section */

/* Begin XCBuildConfiguration section */
		160569E428AE6A8A0001184D /* Debug */ = {
			isa = XCBuildConfiguration;
			buildSettings = {
				ALWAYS_SEARCH_USER_PATHS = NO;
				CLANG_ANALYZER_NONNULL = YES;
				CLANG_ANALYZER_NUMBER_OBJECT_CONVERSION = YES_AGGRESSIVE;
				CLANG_CXX_LANGUAGE_STANDARD = "gnu++17";
				CLANG_ENABLE_MODULES = YES;
				CLANG_ENABLE_OBJC_ARC = YES;
				CLANG_ENABLE_OBJC_WEAK = YES;
				CLANG_WARN_BLOCK_CAPTURE_AUTORELEASING = YES;
				CLANG_WARN_BOOL_CONVERSION = YES;
				CLANG_WARN_COMMA = YES;
				CLANG_WARN_CONSTANT_CONVERSION = YES;
				CLANG_WARN_DEPRECATED_OBJC_IMPLEMENTATIONS = YES;
				CLANG_WARN_DIRECT_OBJC_ISA_USAGE = YES_ERROR;
				CLANG_WARN_DOCUMENTATION_COMMENTS = YES;
				CLANG_WARN_EMPTY_BODY = YES;
				CLANG_WARN_ENUM_CONVERSION = YES;
				CLANG_WARN_INFINITE_RECURSION = YES;
				CLANG_WARN_INT_CONVERSION = YES;
				CLANG_WARN_NON_LITERAL_NULL_CONVERSION = YES;
				CLANG_WARN_OBJC_IMPLICIT_RETAIN_SELF = YES;
				CLANG_WARN_OBJC_LITERAL_CONVERSION = YES;
				CLANG_WARN_OBJC_ROOT_CLASS = YES_ERROR;
				CLANG_WARN_QUOTED_INCLUDE_IN_FRAMEWORK_HEADER = YES;
				CLANG_WARN_RANGE_LOOP_ANALYSIS = YES;
				CLANG_WARN_STRICT_PROTOTYPES = YES;
				CLANG_WARN_SUSPICIOUS_MOVE = YES;
				CLANG_WARN_UNGUARDED_AVAILABILITY = YES_AGGRESSIVE;
				CLANG_WARN_UNREACHABLE_CODE = YES;
				CLANG_WARN__DUPLICATE_METHOD_MATCH = YES;
				COPY_PHASE_STRIP = NO;
				DEBUG_INFORMATION_FORMAT = dwarf;
				ENABLE_STRICT_OBJC_MSGSEND = YES;
				ENABLE_TESTABILITY = YES;
				GCC_C_LANGUAGE_STANDARD = gnu11;
				GCC_DYNAMIC_NO_PIC = NO;
				GCC_NO_COMMON_BLOCKS = YES;
				GCC_OPTIMIZATION_LEVEL = 0;
				GCC_PREPROCESSOR_DEFINITIONS = (
					"DEBUG=1",
					"$(inherited)",
				);
				GCC_WARN_64_TO_32_BIT_CONVERSION = YES;
				GCC_WARN_ABOUT_RETURN_TYPE = YES_ERROR;
				GCC_WARN_UNDECLARED_SELECTOR = YES;
				GCC_WARN_UNINITIALIZED_AUTOS = YES_AGGRESSIVE;
				GCC_WARN_UNUSED_FUNCTION = YES;
				GCC_WARN_UNUSED_VARIABLE = YES;
				IPHONEOS_DEPLOYMENT_TARGET = 15.5;
				MTL_ENABLE_DEBUG_INFO = INCLUDE_SOURCE;
				MTL_FAST_MATH = YES;
				ONLY_ACTIVE_ARCH = YES;
				SDKROOT = iphoneos;
				SWIFT_ACTIVE_COMPILATION_CONDITIONS = DEBUG;
				SWIFT_OPTIMIZATION_LEVEL = "-Onone";
			};
			name = Debug;
		};
		160569E528AE6A8A0001184D /* Release */ = {
			isa = XCBuildConfiguration;
			buildSettings = {
				ALWAYS_SEARCH_USER_PATHS = NO;
				CLANG_ANALYZER_NONNULL = YES;
				CLANG_ANALYZER_NUMBER_OBJECT_CONVERSION = YES_AGGRESSIVE;
				CLANG_CXX_LANGUAGE_STANDARD = "gnu++17";
				CLANG_ENABLE_MODULES = YES;
				CLANG_ENABLE_OBJC_ARC = YES;
				CLANG_ENABLE_OBJC_WEAK = YES;
				CLANG_WARN_BLOCK_CAPTURE_AUTORELEASING = YES;
				CLANG_WARN_BOOL_CONVERSION = YES;
				CLANG_WARN_COMMA = YES;
				CLANG_WARN_CONSTANT_CONVERSION = YES;
				CLANG_WARN_DEPRECATED_OBJC_IMPLEMENTATIONS = YES;
				CLANG_WARN_DIRECT_OBJC_ISA_USAGE = YES_ERROR;
				CLANG_WARN_DOCUMENTATION_COMMENTS = YES;
				CLANG_WARN_EMPTY_BODY = YES;
				CLANG_WARN_ENUM_CONVERSION = YES;
				CLANG_WARN_INFINITE_RECURSION = YES;
				CLANG_WARN_INT_CONVERSION = YES;
				CLANG_WARN_NON_LITERAL_NULL_CONVERSION = YES;
				CLANG_WARN_OBJC_IMPLICIT_RETAIN_SELF = YES;
				CLANG_WARN_OBJC_LITERAL_CONVERSION = YES;
				CLANG_WARN_OBJC_ROOT_CLASS = YES_ERROR;
				CLANG_WARN_QUOTED_INCLUDE_IN_FRAMEWORK_HEADER = YES;
				CLANG_WARN_RANGE_LOOP_ANALYSIS = YES;
				CLANG_WARN_STRICT_PROTOTYPES = YES;
				CLANG_WARN_SUSPICIOUS_MOVE = YES;
				CLANG_WARN_UNGUARDED_AVAILABILITY = YES_AGGRESSIVE;
				CLANG_WARN_UNREACHABLE_CODE = YES;
				CLANG_WARN__DUPLICATE_METHOD_MATCH = YES;
				COPY_PHASE_STRIP = NO;
				DEBUG_INFORMATION_FORMAT = "dwarf-with-dsym";
				ENABLE_NS_ASSERTIONS = NO;
				ENABLE_STRICT_OBJC_MSGSEND = YES;
				GCC_C_LANGUAGE_STANDARD = gnu11;
				GCC_NO_COMMON_BLOCKS = YES;
				GCC_WARN_64_TO_32_BIT_CONVERSION = YES;
				GCC_WARN_ABOUT_RETURN_TYPE = YES_ERROR;
				GCC_WARN_UNDECLARED_SELECTOR = YES;
				GCC_WARN_UNINITIALIZED_AUTOS = YES_AGGRESSIVE;
				GCC_WARN_UNUSED_FUNCTION = YES;
				GCC_WARN_UNUSED_VARIABLE = YES;
				IPHONEOS_DEPLOYMENT_TARGET = 15.5;
				MTL_ENABLE_DEBUG_INFO = NO;
				MTL_FAST_MATH = YES;
				SDKROOT = iphoneos;
				SWIFT_COMPILATION_MODE = wholemodule;
				SWIFT_OPTIMIZATION_LEVEL = "-O";
				VALIDATE_PRODUCT = YES;
			};
			name = Release;
		};
		160569E728AE6A8A0001184D /* Debug */ = {
			isa = XCBuildConfiguration;
			buildSettings = {
				ASSETCATALOG_COMPILER_APPICON_NAME = AppIcon;
				ASSETCATALOG_COMPILER_GLOBAL_ACCENT_COLOR_NAME = AccentColor;
				CODE_SIGN_STYLE = Automatic;
				CURRENT_PROJECT_VERSION = 1;
				DEVELOPMENT_TEAM = NZSUHT5DUD;
				GENERATE_INFOPLIST_FILE = YES;
				INFOPLIST_FILE = GitHubSearchRepositories/Resource/Info.plist;
				INFOPLIST_KEY_UIApplicationSupportsIndirectInputEvents = YES;
				INFOPLIST_KEY_UILaunchStoryboardName = LaunchScreen;
				INFOPLIST_KEY_UIMainStoryboardFile = SearchViewController;
				INFOPLIST_KEY_UISupportedInterfaceOrientations_iPad = "UIInterfaceOrientationPortrait UIInterfaceOrientationPortraitUpsideDown UIInterfaceOrientationLandscapeLeft UIInterfaceOrientationLandscapeRight";
				INFOPLIST_KEY_UISupportedInterfaceOrientations_iPhone = "UIInterfaceOrientationPortrait UIInterfaceOrientationLandscapeLeft UIInterfaceOrientationLandscapeRight";
				LD_RUNPATH_SEARCH_PATHS = (
					"$(inherited)",
					"@executable_path/Frameworks",
				);
				MARKETING_VERSION = 1.0;
				PRODUCT_BUNDLE_IDENTIFIER = com.kojiTo.GitHubSearchRepositories;
				PRODUCT_NAME = "$(TARGET_NAME)";
				SWIFT_EMIT_LOC_STRINGS = YES;
				SWIFT_VERSION = 5.0;
				TARGETED_DEVICE_FAMILY = "1,2";
			};
			name = Debug;
		};
		160569E828AE6A8A0001184D /* Release */ = {
			isa = XCBuildConfiguration;
			buildSettings = {
				ASSETCATALOG_COMPILER_APPICON_NAME = AppIcon;
				ASSETCATALOG_COMPILER_GLOBAL_ACCENT_COLOR_NAME = AccentColor;
				CODE_SIGN_STYLE = Automatic;
				CURRENT_PROJECT_VERSION = 1;
				DEVELOPMENT_TEAM = NZSUHT5DUD;
				GENERATE_INFOPLIST_FILE = YES;
				INFOPLIST_FILE = GitHubSearchRepositories/Resource/Info.plist;
				INFOPLIST_KEY_UIApplicationSupportsIndirectInputEvents = YES;
				INFOPLIST_KEY_UILaunchStoryboardName = LaunchScreen;
				INFOPLIST_KEY_UIMainStoryboardFile = SearchViewController;
				INFOPLIST_KEY_UISupportedInterfaceOrientations_iPad = "UIInterfaceOrientationPortrait UIInterfaceOrientationPortraitUpsideDown UIInterfaceOrientationLandscapeLeft UIInterfaceOrientationLandscapeRight";
				INFOPLIST_KEY_UISupportedInterfaceOrientations_iPhone = "UIInterfaceOrientationPortrait UIInterfaceOrientationLandscapeLeft UIInterfaceOrientationLandscapeRight";
				LD_RUNPATH_SEARCH_PATHS = (
					"$(inherited)",
					"@executable_path/Frameworks",
				);
				MARKETING_VERSION = 1.0;
				PRODUCT_BUNDLE_IDENTIFIER = com.kojiTo.GitHubSearchRepositories;
				PRODUCT_NAME = "$(TARGET_NAME)";
				SWIFT_EMIT_LOC_STRINGS = YES;
				SWIFT_VERSION = 5.0;
				TARGETED_DEVICE_FAMILY = "1,2";
			};
			name = Release;
		};
/* End XCBuildConfiguration section */

/* Begin XCConfigurationList section */
		160569CD28AE6A870001184D /* Build configuration list for PBXProject "GitHubSearchRepositories" */ = {
			isa = XCConfigurationList;
			buildConfigurations = (
				160569E428AE6A8A0001184D /* Debug */,
				160569E528AE6A8A0001184D /* Release */,
			);
			defaultConfigurationIsVisible = 0;
			defaultConfigurationName = Release;
		};
		160569E628AE6A8A0001184D /* Build configuration list for PBXNativeTarget "GitHubSearchRepositories" */ = {
			isa = XCConfigurationList;
			buildConfigurations = (
				160569E728AE6A8A0001184D /* Debug */,
				160569E828AE6A8A0001184D /* Release */,
			);
			defaultConfigurationIsVisible = 0;
			defaultConfigurationName = Release;
		};
/* End XCConfigurationList section */
	};
	rootObject = 160569CA28AE6A870001184D /* Project object */;
}
